
Microsoft Visual Studio Solution File, Format Version 12.00
# Visual Studio Version 17
VisualStudioVersion = 17.4.33213.308
MinimumVisualStudioVersion = 10.0.40219.1
Project("{FAE04EC0-301F-11D3-BF4B-00C04F79EFBC}") = "ApiAiBlazorLab", "ApiAiBlazorLab.csproj", "{0D89BC7A-9A5B-4976-B5EA-9830E4E95720}"
EndProject
Global
	GlobalSection(SolutionConfigurationPlatforms) = preSolution
		Debug|Any CPU = Debug|Any CPU
		Release|Any CPU = Release|Any CPU
	EndGlobalSection
	GlobalSection(ProjectConfigurationPlatforms) = postSolution
		{0D89BC7A-9A5B-4976-B5EA-9830E4E95720}.Debug|Any CPU.ActiveCfg = Debug|Any CPU
		{0D89BC7A-9A5B-4976-B5EA-9830E4E95720}.Debug|Any CPU.Build.0 = Debug|Any CPU
		{0D89BC7A-9A5B-4976-B5EA-9830E4E95720}.Release|Any CPU.ActiveCfg = Release|Any CPU
		{0D89BC7A-9A5B-4976-B5EA-9830E4E95720}.Release|Any CPU.Build.0 = Release|Any CPU
	EndGlobalSection
	GlobalSection(SolutionProperties) = preSolution
		HideSolutionNode = FALSE
	EndGlobalSection
	GlobalSection(ExtensibilityGlobals) = postSolution
		SolutionGuid = {2B75A989-D6FA-484C-AEFF-F04112866FA2}
	EndGlobalSection
EndGlobal
